
Microsoft Visual Studio Solution File, Format Version 12.00
# Visual Studio Version 16
VisualStudioVersion = 16.0.29418.71
MinimumVisualStudioVersion = 10.0.40219.1
Project("{FAE04EC0-301F-11D3-BF4B-00C04F79EFBC}") = "Exerc Fixação", "Exerc Fixação\Exerc Fixação.csproj", "{D8DACC87-DE71-4760-B720-D4ABD0A44D43}"
EndProject
Global
	GlobalSection(SolutionConfigurationPlatforms) = preSolution
		Debug|Any CPU = Debug|Any CPU
		Release|Any CPU = Release|Any CPU
	EndGlobalSection
	GlobalSection(ProjectConfigurationPlatforms) = postSolution
		{D8DACC87-DE71-4760-B720-D4ABD0A44D43}.Debug|Any CPU.ActiveCfg = Debug|Any CPU
		{D8DACC87-DE71-4760-B720-D4ABD0A44D43}.Debug|Any CPU.Build.0 = Debug|Any CPU
		{D8DACC87-DE71-4760-B720-D4ABD0A44D43}.Release|Any CPU.ActiveCfg = Release|Any CPU
		{D8DACC87-DE71-4760-B720-D4ABD0A44D43}.Release|Any CPU.Build.0 = Release|Any CPU
	EndGlobalSection
	GlobalSection(SolutionProperties) = preSolution
		HideSolutionNode = FALSE
	EndGlobalSection
	GlobalSection(ExtensibilityGlobals) = postSolution
		SolutionGuid = {50033BEF-0D30-495C-BCEC-FAF992057D98}
	EndGlobalSection
EndGlobal
